// !$*UTF8*$!
{
	archiveVersion = 1;
	classes = {
	};
	objectVersion = 46;
	objects = {

/* Begin PBXBuildFile section */
		041B889B1E9F521700C41734 /* Sync.framework in Frameworks */ = {isa = PBXBuildFile; fileRef = 041B889A1E9F521700C41734 /* Sync.framework */; };
		0430E16E1EA61A4700F229EF /* background.png in Resources */ = {isa = PBXBuildFile; fileRef = 0430E16D1EA61A4700F229EF /* background.png */; };
		0430E1701EA706E700F229EF /* SwiftPages.swift in Sources */ = {isa = PBXBuildFile; fileRef = 0430E16F1EA706E700F229EF /* SwiftPages.swift */; };
		0471C9AC1EA4C0E100D64DBC /* bird.json in Resources */ = {isa = PBXBuildFile; fileRef = 0471C9A81EA4C0E100D64DBC /* bird.json */; };
		0471C9AD1EA4C0E100D64DBC /* colour.json in Resources */ = {isa = PBXBuildFile; fileRef = 0471C9A91EA4C0E100D64DBC /* colour.json */; };
		0471C9AE1EA4C0E100D64DBC /* location.json in Resources */ = {isa = PBXBuildFile; fileRef = 0471C9AA1EA4C0E100D64DBC /* location.json */; };
		0471C9AF1EA4C0E100D64DBC /* voice.json in Resources */ = {isa = PBXBuildFile; fileRef = 0471C9AB1EA4C0E100D64DBC /* voice.json */; };
		048EA0BF1E9F50DD0097BE2C /* AppDelegate.swift in Sources */ = {isa = PBXBuildFile; fileRef = 048EA0BE1E9F50DD0097BE2C /* AppDelegate.swift */; };
		048EA0C11E9F50DD0097BE2C /* ViewController.swift in Sources */ = {isa = PBXBuildFile; fileRef = 048EA0C01E9F50DD0097BE2C /* ViewController.swift */; };
		048EA0C41E9F50DD0097BE2C /* Main.storyboard in Resources */ = {isa = PBXBuildFile; fileRef = 048EA0C21E9F50DD0097BE2C /* Main.storyboard */; };
		048EA0C91E9F50DD0097BE2C /* Assets.xcassets in Resources */ = {isa = PBXBuildFile; fileRef = 048EA0C81E9F50DD0097BE2C /* Assets.xcassets */; };
		048EA0CC1E9F50DD0097BE2C /* LaunchScreen.storyboard in Resources */ = {isa = PBXBuildFile; fileRef = 048EA0CA1E9F50DD0097BE2C /* LaunchScreen.storyboard */; };
		048EA0D71E9F50DD0097BE2C /* twitcher_iOSTests.swift in Sources */ = {isa = PBXBuildFile; fileRef = 048EA0D61E9F50DD0097BE2C /* twitcher_iOSTests.swift */; };
		048EA0E21E9F50DD0097BE2C /* twitcher_iOSUITests.swift in Sources */ = {isa = PBXBuildFile; fileRef = 048EA0E11E9F50DD0097BE2C /* twitcher_iOSUITests.swift */; };
		04B174B01EA49E1F009BF671 /* BirdsModel.xcdatamodeld in Sources */ = {isa = PBXBuildFile; fileRef = 04B174AE1EA49E1F009BF671 /* BirdsModel.xcdatamodeld */; };
		04BB94F51E9FC38F005C28A6 /* SwiftyJSON.framework in Frameworks */ = {isa = PBXBuildFile; fileRef = 04BB94F41E9FC38F005C28A6 /* SwiftyJSON.framework */; };
/* End PBXBuildFile section */

/* Begin PBXContainerItemProxy section */
		048EA0D31E9F50DD0097BE2C /* PBXContainerItemProxy */ = {
			isa = PBXContainerItemProxy;
			containerPortal = 048EA0B31E9F50DC0097BE2C /* Project object */;
			proxyType = 1;
			remoteGlobalIDString = 048EA0BA1E9F50DC0097BE2C;
			remoteInfo = twitcher_iOS;
		};
		048EA0DE1E9F50DD0097BE2C /* PBXContainerItemProxy */ = {
			isa = PBXContainerItemProxy;
			containerPortal = 048EA0B31E9F50DC0097BE2C /* Project object */;
			proxyType = 1;
			remoteGlobalIDString = 048EA0BA1E9F50DC0097BE2C;
			remoteInfo = twitcher_iOS;
		};
/* End PBXContainerItemProxy section */

/* Begin PBXFileReference section */
		041B889A1E9F521700C41734 /* Sync.framework */ = {isa = PBXFileReference; lastKnownFileType = wrapper.framework; name = Sync.framework; path = Carthage/Build/iOS/Sync.framework; sourceTree = "<group>"; };
		0430E16D1EA61A4700F229EF /* background.png */ = {isa = PBXFileReference; lastKnownFileType = image.png; path = background.png; sourceTree = "<group>"; };
		0430E16F1EA706E700F229EF /* SwiftPages.swift */ = {isa = PBXFileReference; fileEncoding = 4; lastKnownFileType = sourcecode.swift; path = SwiftPages.swift; sourceTree = "<group>"; };
		0471C9A81EA4C0E100D64DBC /* bird.json */ = {isa = PBXFileReference; fileEncoding = 4; lastKnownFileType = text.json; path = bird.json; sourceTree = "<group>"; };
		0471C9A91EA4C0E100D64DBC /* colour.json */ = {isa = PBXFileReference; fileEncoding = 4; lastKnownFileType = text.json; path = colour.json; sourceTree = "<group>"; };
		0471C9AA1EA4C0E100D64DBC /* location.json */ = {isa = PBXFileReference; fileEncoding = 4; lastKnownFileType = text.json; path = location.json; sourceTree = "<group>"; };
		0471C9AB1EA4C0E100D64DBC /* voice.json */ = {isa = PBXFileReference; fileEncoding = 4; lastKnownFileType = text.json; path = voice.json; sourceTree = "<group>"; };
		048EA0BB1E9F50DD0097BE2C /* twitcher_iOS.app */ = {isa = PBXFileReference; explicitFileType = wrapper.application; includeInIndex = 0; path = twitcher_iOS.app; sourceTree = BUILT_PRODUCTS_DIR; };
		048EA0BE1E9F50DD0097BE2C /* AppDelegate.swift */ = {isa = PBXFileReference; lastKnownFileType = sourcecode.swift; path = AppDelegate.swift; sourceTree = "<group>"; };
		048EA0C01E9F50DD0097BE2C /* ViewController.swift */ = {isa = PBXFileReference; lastKnownFileType = sourcecode.swift; path = ViewController.swift; sourceTree = "<group>"; };
		048EA0C31E9F50DD0097BE2C /* Base */ = {isa = PBXFileReference; lastKnownFileType = file.storyboard; name = Base; path = Base.lproj/Main.storyboard; sourceTree = "<group>"; };
		048EA0C81E9F50DD0097BE2C /* Assets.xcassets */ = {isa = PBXFileReference; lastKnownFileType = folder.assetcatalog; path = Assets.xcassets; sourceTree = "<group>"; };
		048EA0CB1E9F50DD0097BE2C /* Base */ = {isa = PBXFileReference; lastKnownFileType = file.storyboard; name = Base; path = Base.lproj/LaunchScreen.storyboard; sourceTree = "<group>"; };
		048EA0CD1E9F50DD0097BE2C /* Info.plist */ = {isa = PBXFileReference; lastKnownFileType = text.plist.xml; path = Info.plist; sourceTree = "<group>"; };
		048EA0D21E9F50DD0097BE2C /* twitcher_iOSTests.xctest */ = {isa = PBXFileReference; explicitFileType = wrapper.cfbundle; includeInIndex = 0; path = twitcher_iOSTests.xctest; sourceTree = BUILT_PRODUCTS_DIR; };
		048EA0D61E9F50DD0097BE2C /* twitcher_iOSTests.swift */ = {isa = PBXFileReference; lastKnownFileType = sourcecode.swift; path = twitcher_iOSTests.swift; sourceTree = "<group>"; };
		048EA0D81E9F50DD0097BE2C /* Info.plist */ = {isa = PBXFileReference; lastKnownFileType = text.plist.xml; path = Info.plist; sourceTree = "<group>"; };
		048EA0DD1E9F50DD0097BE2C /* twitcher_iOSUITests.xctest */ = {isa = PBXFileReference; explicitFileType = wrapper.cfbundle; includeInIndex = 0; path = twitcher_iOSUITests.xctest; sourceTree = BUILT_PRODUCTS_DIR; };
		048EA0E11E9F50DD0097BE2C /* twitcher_iOSUITests.swift */ = {isa = PBXFileReference; lastKnownFileType = sourcecode.swift; path = twitcher_iOSUITests.swift; sourceTree = "<group>"; };
		048EA0E31E9F50DD0097BE2C /* Info.plist */ = {isa = PBXFileReference; lastKnownFileType = text.plist.xml; path = Info.plist; sourceTree = "<group>"; };
		04B174AF1EA49E1F009BF671 /* BirdsModel.xcdatamodel */ = {isa = PBXFileReference; lastKnownFileType = wrapper.xcdatamodel; path = BirdsModel.xcdatamodel; sourceTree = "<group>"; };
		04BB94F41E9FC38F005C28A6 /* SwiftyJSON.framework */ = {isa = PBXFileReference; lastKnownFileType = wrapper.framework; name = SwiftyJSON.framework; path = Carthage/Build/iOS/SwiftyJSON.framework; sourceTree = "<group>"; };
/* End PBXFileReference section */

/* Begin PBXFrameworksBuildPhase section */
		048EA0B81E9F50DC0097BE2C /* Frameworks */ = {
			isa = PBXFrameworksBuildPhase;
			buildActionMask = 2147483647;
			files = (
				04BB94F51E9FC38F005C28A6 /* SwiftyJSON.framework in Frameworks */,
				041B889B1E9F521700C41734 /* Sync.framework in Frameworks */,
			);
			runOnlyForDeploymentPostprocessing = 0;
		};
		048EA0CF1E9F50DD0097BE2C /* Frameworks */ = {
			isa = PBXFrameworksBuildPhase;
			buildActionMask = 2147483647;
			files = (
			);
			runOnlyForDeploymentPostprocessing = 0;
		};
		048EA0DA1E9F50DD0097BE2C /* Frameworks */ = {
			isa = PBXFrameworksBuildPhase;
			buildActionMask = 2147483647;
			files = (
			);
			runOnlyForDeploymentPostprocessing = 0;
		};
/* End PBXFrameworksBuildPhase section */

/* Begin PBXGroup section */
		041B88991E9F521700C41734 /* Frameworks */ = {
			isa = PBXGroup;
			children = (
				04BB94F41E9FC38F005C28A6 /* SwiftyJSON.framework */,
				041B889A1E9F521700C41734 /* Sync.framework */,
			);
			name = Frameworks;
			sourceTree = "<group>";
		};
		0430E16B1EA61A2D00F229EF /* imgs */ = {
			isa = PBXGroup;
			children = (
				0430E16D1EA61A4700F229EF /* background.png */,
			);
			name = imgs;
			sourceTree = "<group>";
		};
		0430E16C1EA61A3600F229EF /* birds_imgs */ = {
			isa = PBXGroup;
			children = (
			);
			name = birds_imgs;
			sourceTree = "<group>";
		};
		0471C9A71EA4A0F800D64DBC /* Data */ = {
			isa = PBXGroup;
			children = (
				0471C9A81EA4C0E100D64DBC /* bird.json */,
				0471C9A91EA4C0E100D64DBC /* colour.json */,
				0471C9AA1EA4C0E100D64DBC /* location.json */,
				0471C9AB1EA4C0E100D64DBC /* voice.json */,
			);
			name = Data;
			sourceTree = "<group>";
		};
		048EA0B21E9F50DC0097BE2C = {
			isa = PBXGroup;
			children = (
				048EA0BD1E9F50DD0097BE2C /* twitcher_iOS */,
				048EA0D51E9F50DD0097BE2C /* twitcher_iOSTests */,
				048EA0E01E9F50DD0097BE2C /* twitcher_iOSUITests */,
				048EA0BC1E9F50DD0097BE2C /* Products */,
				041B88991E9F521700C41734 /* Frameworks */,
			);
			sourceTree = "<group>";
		};
		048EA0BC1E9F50DD0097BE2C /* Products */ = {
			isa = PBXGroup;
			children = (
				048EA0BB1E9F50DD0097BE2C /* twitcher_iOS.app */,
				048EA0D21E9F50DD0097BE2C /* twitcher_iOSTests.xctest */,
				048EA0DD1E9F50DD0097BE2C /* twitcher_iOSUITests.xctest */,
			);
			name = Products;
			sourceTree = "<group>";
		};
		048EA0BD1E9F50DD0097BE2C /* twitcher_iOS */ = {
			isa = PBXGroup;
			children = (
				0430E16C1EA61A3600F229EF /* birds_imgs */,
				0430E16B1EA61A2D00F229EF /* imgs */,
				0471C9A71EA4A0F800D64DBC /* Data */,
				04E5B4481EA449EF00780A4C /* Supporting Files */,
				048EA0C01E9F50DD0097BE2C /* ViewController.swift */,
				048EA0C21E9F50DD0097BE2C /* Main.storyboard */,
			);
			path = twitcher_iOS;
			sourceTree = "<group>";
		};
		048EA0D51E9F50DD0097BE2C /* twitcher_iOSTests */ = {
			isa = PBXGroup;
			children = (
				048EA0D61E9F50DD0097BE2C /* twitcher_iOSTests.swift */,
				048EA0D81E9F50DD0097BE2C /* Info.plist */,
			);
			path = twitcher_iOSTests;
			sourceTree = "<group>";
		};
		048EA0E01E9F50DD0097BE2C /* twitcher_iOSUITests */ = {
			isa = PBXGroup;
			children = (
				048EA0E11E9F50DD0097BE2C /* twitcher_iOSUITests.swift */,
				048EA0E31E9F50DD0097BE2C /* Info.plist */,
			);
			path = twitcher_iOSUITests;
			sourceTree = "<group>";
		};
		04E5B4481EA449EF00780A4C /* Supporting Files */ = {
			isa = PBXGroup;
			children = (
				0430E16F1EA706E700F229EF /* SwiftPages.swift */,
				048EA0BE1E9F50DD0097BE2C /* AppDelegate.swift */,
				048EA0C81E9F50DD0097BE2C /* Assets.xcassets */,
				048EA0CA1E9F50DD0097BE2C /* LaunchScreen.storyboard */,
				048EA0CD1E9F50DD0097BE2C /* Info.plist */,
				04B174AE1EA49E1F009BF671 /* BirdsModel.xcdatamodeld */,
			);
			name = "Supporting Files";
			sourceTree = "<group>";
		};
/* End PBXGroup section */

/* Begin PBXNativeTarget section */
		048EA0BA1E9F50DC0097BE2C /* twitcher_iOS */ = {
			isa = PBXNativeTarget;
			buildConfigurationList = 048EA0E61E9F50DD0097BE2C /* Build configuration list for PBXNativeTarget "twitcher_iOS" */;
			buildPhases = (
				048EA0B71E9F50DC0097BE2C /* Sources */,
				048EA0B81E9F50DC0097BE2C /* Frameworks */,
				048EA0B91E9F50DC0097BE2C /* Resources */,
				041B889C1E9F521F00C41734 /* ShellScript */,
			);
			buildRules = (
			);
			dependencies = (
			);
			name = twitcher_iOS;
			productName = twitcher_iOS;
			productReference = 048EA0BB1E9F50DD0097BE2C /* twitcher_iOS.app */;
			productType = "com.apple.product-type.application";
		};
		048EA0D11E9F50DD0097BE2C /* twitcher_iOSTests */ = {
			isa = PBXNativeTarget;
			buildConfigurationList = 048EA0E91E9F50DD0097BE2C /* Build configuration list for PBXNativeTarget "twitcher_iOSTests" */;
			buildPhases = (
				048EA0CE1E9F50DD0097BE2C /* Sources */,
				048EA0CF1E9F50DD0097BE2C /* Frameworks */,
				048EA0D01E9F50DD0097BE2C /* Resources */,
			);
			buildRules = (
			);
			dependencies = (
				048EA0D41E9F50DD0097BE2C /* PBXTargetDependency */,
			);
			name = twitcher_iOSTests;
			productName = twitcher_iOSTests;
			productReference = 048EA0D21E9F50DD0097BE2C /* twitcher_iOSTests.xctest */;
			productType = "com.apple.product-type.bundle.unit-test";
		};
		048EA0DC1E9F50DD0097BE2C /* twitcher_iOSUITests */ = {
			isa = PBXNativeTarget;
			buildConfigurationList = 048EA0EC1E9F50DD0097BE2C /* Build configuration list for PBXNativeTarget "twitcher_iOSUITests" */;
			buildPhases = (
				048EA0D91E9F50DD0097BE2C /* Sources */,
				048EA0DA1E9F50DD0097BE2C /* Frameworks */,
				048EA0DB1E9F50DD0097BE2C /* Resources */,
			);
			buildRules = (
			);
			dependencies = (
				048EA0DF1E9F50DD0097BE2C /* PBXTargetDependency */,
			);
			name = twitcher_iOSUITests;
			productName = twitcher_iOSUITests;
			productReference = 048EA0DD1E9F50DD0097BE2C /* twitcher_iOSUITests.xctest */;
			productType = "com.apple.product-type.bundle.ui-testing";
		};
/* End PBXNativeTarget section */

/* Begin PBXProject section */
		048EA0B31E9F50DC0097BE2C /* Project object */ = {
			isa = PBXProject;
			attributes = {
				LastSwiftUpdateCheck = 0820;
				LastUpgradeCheck = 0820;
				ORGANIZATIONNAME = "Sheng Li";
				TargetAttributes = {
					048EA0BA1E9F50DC0097BE2C = {
						CreatedOnToolsVersion = 8.2.1;
						DevelopmentTeam = D4E88Q87ES;
						ProvisioningStyle = Automatic;
					};
					048EA0D11E9F50DD0097BE2C = {
						CreatedOnToolsVersion = 8.2.1;
						ProvisioningStyle = Automatic;
						TestTargetID = 048EA0BA1E9F50DC0097BE2C;
					};
					048EA0DC1E9F50DD0097BE2C = {
						CreatedOnToolsVersion = 8.2.1;
						ProvisioningStyle = Automatic;
						TestTargetID = 048EA0BA1E9F50DC0097BE2C;
					};
				};
			};
			buildConfigurationList = 048EA0B61E9F50DC0097BE2C /* Build configuration list for PBXProject "twitcher_iOS" */;
			compatibilityVersion = "Xcode 3.2";
			developmentRegion = English;
			hasScannedForEncodings = 0;
			knownRegions = (
				en,
				Base,
			);
			mainGroup = 048EA0B21E9F50DC0097BE2C;
			productRefGroup = 048EA0BC1E9F50DD0097BE2C /* Products */;
			projectDirPath = "";
			projectRoot = "";
			targets = (
				048EA0BA1E9F50DC0097BE2C /* twitcher_iOS */,
				048EA0D11E9F50DD0097BE2C /* twitcher_iOSTests */,
				048EA0DC1E9F50DD0097BE2C /* twitcher_iOSUITests */,
			);
		};
/* End PBXProject section */

/* Begin PBXResourcesBuildPhase section */
		048EA0B91E9F50DC0097BE2C /* Resources */ = {
			isa = PBXResourcesBuildPhase;
			buildActionMask = 2147483647;
			files = (
				048EA0CC1E9F50DD0097BE2C /* LaunchScreen.storyboard in Resources */,
				0430E16E1EA61A4700F229EF /* background.png in Resources */,
				0471C9AD1EA4C0E100D64DBC /* colour.json in Resources */,
				048EA0C91E9F50DD0097BE2C /* Assets.xcassets in Resources */,
				0471C9AC1EA4C0E100D64DBC /* bird.json in Resources */,
				0471C9AE1EA4C0E100D64DBC /* location.json in Resources */,
				048EA0C41E9F50DD0097BE2C /* Main.storyboard in Resources */,
				0471C9AF1EA4C0E100D64DBC /* voice.json in Resources */,
			);
			runOnlyForDeploymentPostprocessing = 0;
		};
		048EA0D01E9F50DD0097BE2C /* Resources */ = {
			isa = PBXResourcesBuildPhase;
			buildActionMask = 2147483647;
			files = (
			);
			runOnlyForDeploymentPostprocessing = 0;
		};
		048EA0DB1E9F50DD0097BE2C /* Resources */ = {
			isa = PBXResourcesBuildPhase;
			buildActionMask = 2147483647;
			files = (
			);
			runOnlyForDeploymentPostprocessing = 0;
		};
/* End PBXResourcesBuildPhase section */

/* Begin PBXShellScriptBuildPhase section */
		041B889C1E9F521F00C41734 /* ShellScript */ = {
			isa = PBXShellScriptBuildPhase;
			buildActionMask = 2147483647;
			files = (
			);
			inputPaths = (
				"$(SRCROOT)/Carthage/Build/iOS/Sync.framework",
				"$(SRCROOT)/Carthage/Build/iOS/SwiftyJSON.framework",
			);
			outputPaths = (
			);
			runOnlyForDeploymentPostprocessing = 0;
			shellPath = /bin/sh;
			shellScript = "/usr/local/bin/carthage copy-frameworks";
		};
/* End PBXShellScriptBuildPhase section */

/* Begin PBXSourcesBuildPhase section */
		048EA0B71E9F50DC0097BE2C /* Sources */ = {
			isa = PBXSourcesBuildPhase;
			buildActionMask = 2147483647;
			files = (
				0430E1701EA706E700F229EF /* SwiftPages.swift in Sources */,
				04B174B01EA49E1F009BF671 /* BirdsModel.xcdatamodeld in Sources */,
				048EA0C11E9F50DD0097BE2C /* ViewController.swift in Sources */,
				048EA0BF1E9F50DD0097BE2C /* AppDelegate.swift in Sources */,
			);
			runOnlyForDeploymentPostprocessing = 0;
		};
		048EA0CE1E9F50DD0097BE2C /* Sources */ = {
			isa = PBXSourcesBuildPhase;
			buildActionMask = 2147483647;
			files = (
				048EA0D71E9F50DD0097BE2C /* twitcher_iOSTests.swift in Sources */,
			);
			runOnlyForDeploymentPostprocessing = 0;
		};
		048EA0D91E9F50DD0097BE2C /* Sources */ = {
			isa = PBXSourcesBuildPhase;
			buildActionMask = 2147483647;
			files = (
				048EA0E21E9F50DD0097BE2C /* twitcher_iOSUITests.swift in Sources */,
			);
			runOnlyForDeploymentPostprocessing = 0;
		};
/* End PBXSourcesBuildPhase section */

/* Begin PBXTargetDependency section */
		048EA0D41E9F50DD0097BE2C /* PBXTargetDependency */ = {
			isa = PBXTargetDependency;
			target = 048EA0BA1E9F50DC0097BE2C /* twitcher_iOS */;
			targetProxy = 048EA0D31E9F50DD0097BE2C /* PBXContainerItemProxy */;
		};
		048EA0DF1E9F50DD0097BE2C /* PBXTargetDependency */ = {
			isa = PBXTargetDependency;
			target = 048EA0BA1E9F50DC0097BE2C /* twitcher_iOS */;
			targetProxy = 048EA0DE1E9F50DD0097BE2C /* PBXContainerItemProxy */;
		};
/* End PBXTargetDependency section */

/* Begin PBXVariantGroup section */
		048EA0C21E9F50DD0097BE2C /* Main.storyboard */ = {
			isa = PBXVariantGroup;
			children = (
				048EA0C31E9F50DD0097BE2C /* Base */,
			);
			name = Main.storyboard;
			sourceTree = "<group>";
		};
		048EA0CA1E9F50DD0097BE2C /* LaunchScreen.storyboard */ = {
			isa = PBXVariantGroup;
			children = (
				048EA0CB1E9F50DD0097BE2C /* Base */,
			);
			name = LaunchScreen.storyboard;
			sourceTree = "<group>";
		};
/* End PBXVariantGroup section */

/* Begin XCBuildConfiguration section */
		048EA0E41E9F50DD0097BE2C /* Debug */ = {
			isa = XCBuildConfiguration;
			buildSettings = {
				ALWAYS_SEARCH_USER_PATHS = NO;
				CLANG_ANALYZER_NONNULL = YES;
				CLANG_CXX_LANGUAGE_STANDARD = "gnu++0x";
				CLANG_CXX_LIBRARY = "libc++";
				CLANG_ENABLE_MODULES = YES;
				CLANG_ENABLE_OBJC_ARC = YES;
				CLANG_WARN_BOOL_CONVERSION = YES;
				CLANG_WARN_CONSTANT_CONVERSION = YES;
				CLANG_WARN_DIRECT_OBJC_ISA_USAGE = YES_ERROR;
				CLANG_WARN_DOCUMENTATION_COMMENTS = YES;
				CLANG_WARN_EMPTY_BODY = YES;
				CLANG_WARN_ENUM_CONVERSION = YES;
				CLANG_WARN_INFINITE_RECURSION = YES;
				CLANG_WARN_INT_CONVERSION = YES;
				CLANG_WARN_OBJC_ROOT_CLASS = YES_ERROR;
				CLANG_WARN_SUSPICIOUS_MOVE = YES;
				CLANG_WARN_UNREACHABLE_CODE = YES;
				CLANG_WARN__DUPLICATE_METHOD_MATCH = YES;
				"CODE_SIGN_IDENTITY[sdk=iphoneos*]" = "iPhone Developer";
				COPY_PHASE_STRIP = NO;
				DEBUG_INFORMATION_FORMAT = dwarf;
				ENABLE_STRICT_OBJC_MSGSEND = YES;
				ENABLE_TESTABILITY = YES;
				GCC_C_LANGUAGE_STANDARD = gnu99;
				GCC_DYNAMIC_NO_PIC = NO;
				GCC_NO_COMMON_BLOCKS = YES;
				GCC_OPTIMIZATION_LEVEL = 0;
				GCC_PREPROCESSOR_DEFINITIONS = (
					"DEBUG=1",
					"$(inherited)",
				);
				GCC_WARN_64_TO_32_BIT_CONVERSION = YES;
				GCC_WARN_ABOUT_RETURN_TYPE = YES_ERROR;
				GCC_WARN_UNDECLARED_SELECTOR = YES;
				GCC_WARN_UNINITIALIZED_AUTOS = YES_AGGRESSIVE;
				GCC_WARN_UNUSED_FUNCTION = YES;
				GCC_WARN_UNUSED_VARIABLE = YES;
				IPHONEOS_DEPLOYMENT_TARGET = 10.2;
				MTL_ENABLE_DEBUG_INFO = YES;
				ONLY_ACTIVE_ARCH = YES;
				SDKROOT = iphoneos;
				SWIFT_ACTIVE_COMPILATION_CONDITIONS = DEBUG;
				SWIFT_OPTIMIZATION_LEVEL = "-Onone";
				TARGETED_DEVICE_FAMILY = "1,2";
			};
			name = Debug;
		};
		048EA0E51E9F50DD0097BE2C /* Release */ = {
			isa = XCBuildConfiguration;
			buildSettings = {
				ALWAYS_SEARCH_USER_PATHS = NO;
				CLANG_ANALYZER_NONNULL = YES;
				CLANG_CXX_LANGUAGE_STANDARD = "gnu++0x";
				CLANG_CXX_LIBRARY = "libc++";
				CLANG_ENABLE_MODULES = YES;
				CLANG_ENABLE_OBJC_ARC = YES;
				CLANG_WARN_BOOL_CONVERSION = YES;
				CLANG_WARN_CONSTANT_CONVERSION = YES;
				CLANG_WARN_DIRECT_OBJC_ISA_USAGE = YES_ERROR;
				CLANG_WARN_DOCUMENTATION_COMMENTS = YES;
				CLANG_WARN_EMPTY_BODY = YES;
				CLANG_WARN_ENUM_CONVERSION = YES;
				CLANG_WARN_INFINITE_RECURSION = YES;
				CLANG_WARN_INT_CONVERSION = YES;
				CLANG_WARN_OBJC_ROOT_CLASS = YES_ERROR;
				CLANG_WARN_SUSPICIOUS_MOVE = YES;
				CLANG_WARN_UNREACHABLE_CODE = YES;
				CLANG_WARN__DUPLICATE_METHOD_MATCH = YES;
				"CODE_SIGN_IDENTITY[sdk=iphoneos*]" = "iPhone Developer";
				COPY_PHASE_STRIP = NO;
				DEBUG_INFORMATION_FORMAT = "dwarf-with-dsym";
				ENABLE_NS_ASSERTIONS = NO;
				ENABLE_STRICT_OBJC_MSGSEND = YES;
				GCC_C_LANGUAGE_STANDARD = gnu99;
				GCC_NO_COMMON_BLOCKS = YES;
				GCC_WARN_64_TO_32_BIT_CONVERSION = YES;
				GCC_WARN_ABOUT_RETURN_TYPE = YES_ERROR;
				GCC_WARN_UNDECLARED_SELECTOR = YES;
				GCC_WARN_UNINITIALIZED_AUTOS = YES_AGGRESSIVE;
				GCC_WARN_UNUSED_FUNCTION = YES;
				GCC_WARN_UNUSED_VARIABLE = YES;
				IPHONEOS_DEPLOYMENT_TARGET = 10.2;
				MTL_ENABLE_DEBUG_INFO = NO;
				SDKROOT = iphoneos;
				SWIFT_OPTIMIZATION_LEVEL = "-Owholemodule";
				TARGETED_DEVICE_FAMILY = "1,2";
				VALIDATE_PRODUCT = YES;
			};
			name = Release;
		};
		048EA0E71E9F50DD0097BE2C /* Debug */ = {
			isa = XCBuildConfiguration;
			buildSettings = {
				ASSETCATALOG_COMPILER_APPICON_NAME = AppIcon;
				DEVELOPMENT_TEAM = D4E88Q87ES;
				FRAMEWORK_SEARCH_PATHS = (
					"$(inherited)",
					"$(PROJECT_DIR)/Carthage/Build/iOS",
				);
				INFOPLIST_FILE = twitcher_iOS/Info.plist;
				IPHONEOS_DEPLOYMENT_TARGET = 10.2;
				LD_RUNPATH_SEARCH_PATHS = "$(inherited) @executable_path/Frameworks";
				PRODUCT_BUNDLE_IDENTIFIER = "Monash-University.twitcher-iOS";
				PRODUCT_NAME = "$(TARGET_NAME)";
				SWIFT_VERSION = 3.0;
			};
			name = Debug;
		};
		048EA0E81E9F50DD0097BE2C /* Release */ = {
			isa = XCBuildConfiguration;
			buildSettings = {
				ASSETCATALOG_COMPILER_APPICON_NAME = AppIcon;
				DEVELOPMENT_TEAM = D4E88Q87ES;
				FRAMEWORK_SEARCH_PATHS = (
					"$(inherited)",
					"$(PROJECT_DIR)/Carthage/Build/iOS",
				);
				INFOPLIST_FILE = twitcher_iOS/Info.plist;
				IPHONEOS_DEPLOYMENT_TARGET = 10.2;
				LD_RUNPATH_SEARCH_PATHS = "$(inherited) @executable_path/Frameworks";
				PRODUCT_BUNDLE_IDENTIFIER = "Monash-University.twitcher-iOS";
				PRODUCT_NAME = "$(TARGET_NAME)";
				SWIFT_VERSION = 3.0;
			};
			name = Release;
		};
		048EA0EA1E9F50DD0097BE2C /* Debug */ = {
			isa = XCBuildConfiguration;
			buildSettings = {
				ALWAYS_EMBED_SWIFT_STANDARD_LIBRARIES = YES;
				BUNDLE_LOADER = "$(TEST_HOST)";
				INFOPLIST_FILE = twitcher_iOSTests/Info.plist;
				LD_RUNPATH_SEARCH_PATHS = "$(inherited) @executable_path/Frameworks @loader_path/Frameworks";
				PRODUCT_BUNDLE_IDENTIFIER = "Monash-University.twitcher-iOSTests";
				PRODUCT_NAME = "$(TARGET_NAME)";
				SWIFT_VERSION = 3.0;
				TEST_HOST = "$(BUILT_PRODUCTS_DIR)/twitcher_iOS.app/twitcher_iOS";
			};
			name = Debug;
		};
		048EA0EB1E9F50DD0097BE2C /* Release */ = {
			isa = XCBuildConfiguration;
			buildSettings = {
				ALWAYS_EMBED_SWIFT_STANDARD_LIBRARIES = YES;
				BUNDLE_LOADER = "$(TEST_HOST)";
				INFOPLIST_FILE = twitcher_iOSTests/Info.plist;
				LD_RUNPATH_SEARCH_PATHS = "$(inherited) @executable_path/Frameworks @loader_path/Frameworks";
				PRODUCT_BUNDLE_IDENTIFIER = "Monash-University.twitcher-iOSTests";
				PRODUCT_NAME = "$(TARGET_NAME)";
				SWIFT_VERSION = 3.0;
				TEST_HOST = "$(BUILT_PRODUCTS_DIR)/twitcher_iOS.app/twitcher_iOS";
			};
			name = Release;
		};
		048EA0ED1E9F50DD0097BE2C /* Debug */ = {
			isa = XCBuildConfiguration;
			buildSettings = {
				ALWAYS_EMBED_SWIFT_STANDARD_LIBRARIES = YES;
				INFOPLIST_FILE = twitcher_iOSUITests/Info.plist;
				LD_RUNPATH_SEARCH_PATHS = "$(inherited) @executable_path/Frameworks @loader_path/Frameworks";
				PRODUCT_BUNDLE_IDENTIFIER = "Monash-University.twitcher-iOSUITests";
				PRODUCT_NAME = "$(TARGET_NAME)";
				SWIFT_VERSION = 3.0;
				TEST_TARGET_NAME = twitcher_iOS;
			};
			name = Debug;
		};
		048EA0EE1E9F50DD0097BE2C /* Release */ = {
			isa = XCBuildConfiguration;
			buildSettings = {
				ALWAYS_EMBED_SWIFT_STANDARD_LIBRARIES = YES;
				INFOPLIST_FILE = twitcher_iOSUITests/Info.plist;
				LD_RUNPATH_SEARCH_PATHS = "$(inherited) @executable_path/Frameworks @loader_path/Frameworks";
				PRODUCT_BUNDLE_IDENTIFIER = "Monash-University.twitcher-iOSUITests";
				PRODUCT_NAME = "$(TARGET_NAME)";
				SWIFT_VERSION = 3.0;
				TEST_TARGET_NAME = twitcher_iOS;
			};
			name = Release;
		};
/* End XCBuildConfiguration section */

/* Begin XCConfigurationList section */
		048EA0B61E9F50DC0097BE2C /* Build configuration list for PBXProject "twitcher_iOS" */ = {
			isa = XCConfigurationList;
			buildConfigurations = (
				048EA0E41E9F50DD0097BE2C /* Debug */,
				048EA0E51E9F50DD0097BE2C /* Release */,
			);
			defaultConfigurationIsVisible = 0;
			defaultConfigurationName = Release;
		};
		048EA0E61E9F50DD0097BE2C /* Build configuration list for PBXNativeTarget "twitcher_iOS" */ = {
			isa = XCConfigurationList;
			buildConfigurations = (
				048EA0E71E9F50DD0097BE2C /* Debug */,
				048EA0E81E9F50DD0097BE2C /* Release */,
			);
			defaultConfigurationIsVisible = 0;
			defaultConfigurationName = Release;
		};
		048EA0E91E9F50DD0097BE2C /* Build configuration list for PBXNativeTarget "twitcher_iOSTests" */ = {
			isa = XCConfigurationList;
			buildConfigurations = (
				048EA0EA1E9F50DD0097BE2C /* Debug */,
				048EA0EB1E9F50DD0097BE2C /* Release */,
			);
			defaultConfigurationIsVisible = 0;
			defaultConfigurationName = Release;
		};
		048EA0EC1E9F50DD0097BE2C /* Build configuration list for PBXNativeTarget "twitcher_iOSUITests" */ = {
			isa = XCConfigurationList;
			buildConfigurations = (
				048EA0ED1E9F50DD0097BE2C /* Debug */,
				048EA0EE1E9F50DD0097BE2C /* Release */,
			);
			defaultConfigurationIsVisible = 0;
			defaultConfigurationName = Release;
		};
/* End XCConfigurationList section */

/* Begin XCVersionGroup section */
		04B174AE1EA49E1F009BF671 /* BirdsModel.xcdatamodeld */ = {
			isa = XCVersionGroup;
			children = (
				04B174AF1EA49E1F009BF671 /* BirdsModel.xcdatamodel */,
			);
			currentVersion = 04B174AF1EA49E1F009BF671 /* BirdsModel.xcdatamodel */;
			path = BirdsModel.xcdatamodeld;
			sourceTree = "<group>";
			versionGroupType = wrapper.xcdatamodel;
		};
/* End XCVersionGroup section */
	};
	rootObject = 048EA0B31E9F50DC0097BE2C /* Project object */;
}
